
Microsoft Visual Studio Solution File, Format Version 12.00
# Visual Studio 15
VisualStudioVersion = 15.0.28010.2003
MinimumVisualStudioVersion = 10.0.40219.1
Project("{2150E333-8FDC-42A3-9474-1A3956D46DE8}") = ".nuget", ".nuget", "{7E58FF2B-1BC1-47BC-A13D-4B6B0BE2441F}"
	ProjectSection(SolutionItems) = preProject
		..\nuget\LightningBug.nuspec = ..\nuget\LightningBug.nuspec
		.nuget\NuGet.Config = .nuget\NuGet.Config
		.nuget\NuGet.exe = .nuget\NuGet.exe
		.nuget\NuGet.targets = .nuget\NuGet.targets
		..\nugetpack.cmd = ..\nugetpack.cmd
	EndProjectSection
EndProject
Project("{2150E333-8FDC-42A3-9474-1A3956D46DE8}") = "Solution Items", "Solution Items", "{0DA07422-68ED-4C65-B73B-A8EB51EBFFE8}"
	ProjectSection(SolutionItems) = preProject
		..\nuget\LightningBug.nuspec = ..\nuget\LightningBug.nuspec
		..\nugetpack.cmd = ..\nugetpack.cmd
	EndProjectSection
EndProject
Project("{9A19103F-16F7-4668-BE54-9A1E7A4F7556}") = "LightningBug.Polly", "LightningBug.Polly\LightningBug.Polly.csproj", "{84733BCA-863C-46EC-BA3C-3DC5A7FBBD7C}"
EndProject
Project("{FAE04EC0-301F-11D3-BF4B-00C04F79EFBC}") = "LightningBug.Polly.SimpleWebAppExample", "examples\polly\LightningBug.Polly.SimpleWebAppExample\LightningBug.Polly.SimpleWebAppExample.csproj", "{218B0B21-9C23-469F-82B2-5101F97FE509}"
EndProject
Project("{FAE04EC0-301F-11D3-BF4B-00C04F79EFBC}") = "LightningBug", "LightningBug\LightningBug.csproj", "{79D6370D-C05E-437E-8912-658F3BE9B494}"
EndProject
Project("{FAE04EC0-301F-11D3-BF4B-00C04F79EFBC}") = "LightningBug.Tests", "LightningBug.Tests\LightningBug.Tests.csproj", "{D5C2FE24-BD3B-4E56-B99F-E7DC2EDBF432}"
EndProject
Global
	GlobalSection(SolutionConfigurationPlatforms) = preSolution
		Debug|Any CPU = Debug|Any CPU
		Release|Any CPU = Release|Any CPU
	EndGlobalSection
	GlobalSection(ProjectConfigurationPlatforms) = postSolution
		{84733BCA-863C-46EC-BA3C-3DC5A7FBBD7C}.Debug|Any CPU.ActiveCfg = Debug|Any CPU
		{84733BCA-863C-46EC-BA3C-3DC5A7FBBD7C}.Debug|Any CPU.Build.0 = Debug|Any CPU
		{84733BCA-863C-46EC-BA3C-3DC5A7FBBD7C}.Release|Any CPU.ActiveCfg = Release|Any CPU
		{84733BCA-863C-46EC-BA3C-3DC5A7FBBD7C}.Release|Any CPU.Build.0 = Release|Any CPU
		{218B0B21-9C23-469F-82B2-5101F97FE509}.Debug|Any CPU.ActiveCfg = Debug|Any CPU
		{218B0B21-9C23-469F-82B2-5101F97FE509}.Debug|Any CPU.Build.0 = Debug|Any CPU
		{218B0B21-9C23-469F-82B2-5101F97FE509}.Release|Any CPU.ActiveCfg = Release|Any CPU
		{218B0B21-9C23-469F-82B2-5101F97FE509}.Release|Any CPU.Build.0 = Release|Any CPU
		{79D6370D-C05E-437E-8912-658F3BE9B494}.Debug|Any CPU.ActiveCfg = Debug|Any CPU
		{79D6370D-C05E-437E-8912-658F3BE9B494}.Debug|Any CPU.Build.0 = Debug|Any CPU
		{79D6370D-C05E-437E-8912-658F3BE9B494}.Release|Any CPU.ActiveCfg = Release|Any CPU
		{79D6370D-C05E-437E-8912-658F3BE9B494}.Release|Any CPU.Build.0 = Release|Any CPU
		{D5C2FE24-BD3B-4E56-B99F-E7DC2EDBF432}.Debug|Any CPU.ActiveCfg = Debug|Any CPU
		{D5C2FE24-BD3B-4E56-B99F-E7DC2EDBF432}.Debug|Any CPU.Build.0 = Debug|Any CPU
		{D5C2FE24-BD3B-4E56-B99F-E7DC2EDBF432}.Release|Any CPU.ActiveCfg = Release|Any CPU
		{D5C2FE24-BD3B-4E56-B99F-E7DC2EDBF432}.Release|Any CPU.Build.0 = Release|Any CPU
	EndGlobalSection
	GlobalSection(SolutionProperties) = preSolution
		HideSolutionNode = FALSE
	EndGlobalSection
	GlobalSection(ExtensibilityGlobals) = postSolution
		SolutionGuid = {B3C80976-05AF-4806-8B75-37C85A7E2F6A}
	EndGlobalSection
EndGlobal
